
Microsoft Visual Studio Solution File, Format Version 12.00
# Visual Studio Version 16
VisualStudioVersion = 16.0.32602.291
MinimumVisualStudioVersion = 10.0.40219.1
Project("{FAE04EC0-301F-11D3-BF4B-00C04F79EFBC}") = "template", "template\template.csproj", "{A5259BF0-EC80-4556-9D42-F2647103B249}"
EndProject
Global
	GlobalSection(SolutionConfigurationPlatforms) = preSolution
		Debug|Any CPU = Debug|Any CPU
		Release|Any CPU = Release|Any CPU
	EndGlobalSection
	GlobalSection(ProjectConfigurationPlatforms) = postSolution
		{A5259BF0-EC80-4556-9D42-F2647103B249}.Debug|Any CPU.ActiveCfg = Debug|Any CPU
		{A5259BF0-EC80-4556-9D42-F2647103B249}.Debug|Any CPU.Build.0 = Debug|Any CPU
		{A5259BF0-EC80-4556-9D42-F2647103B249}.Release|Any CPU.ActiveCfg = Release|Any CPU
		{A5259BF0-EC80-4556-9D42-F2647103B249}.Release|Any CPU.Build.0 = Release|Any CPU
	EndGlobalSection
	GlobalSection(SolutionProperties) = preSolution
		HideSolutionNode = FALSE
	EndGlobalSection
	GlobalSection(ExtensibilityGlobals) = postSolution
		SolutionGuid = {F25A029C-910D-4B4B-AB11-D9D741C2D31E}
	EndGlobalSection
EndGlobal
